
Project("{FAE04EC0-301F-11D3-BF4B-00C04F79EFBC}") = "Datavery.Presentation", "Datavery.Presentation\Datavery.Presentation.csproj", "{B73518C4-1D38-438A-B1E2-1FE35536BFE7}"
EndProject
Project("{FAE04EC0-301F-11D3-BF4B-00C04F79EFBC}") = "Datavery.DAL", "Datavery.DAL\Datavery.DAL.csproj", "{8F1F85BC-BC2C-4E58-A757-FE2245948DA6}"
EndProject
Project("{FAE04EC0-301F-11D3-BF4B-00C04F79EFBC}") = "Datavery.Domain", "Datavery.Domain\Datavery.Domain.csproj", "{BB6AA440-E556-412F-B44A-EE31078A33F4}"
EndProject
Project("{FAE04EC0-301F-11D3-BF4B-00C04F79EFBC}") = "Datavery.BLL", "Datavery.BLL\Datavery.BLL.csproj", "{B97B6DFB-4B21-45F7-8098-90D1BB6066BF}"
EndProject
Global
	GlobalSection(ProjectConfigurationPlatforms) = postSolution
	EndGlobalSection
EndGlobal
