Project("{FAE04EC0-301F-11D3-BF4B-00C04F79EFBC}") = "Datavery.Presentation", "Datavery.Presentation\Datavery.Presentation.csproj", "{49B782C0-7255-4835-92F2-046C4CDF729A}"
EndProject
Project("{FAE04EC0-301F-11D3-BF4B-00C04F79EFBC}") = "Datavery.DAL", "Datavery.DAL\Datavery.DAL.csproj", "{0E864C99-44B9-41AD-AC9A-5AD8EC4CF13C}"
EndProject
Project("{FAE04EC0-301F-11D3-BF4B-00C04F79EFBC}") = "Datavery.BLL", "Datavery.BLL\Datavery.BLL.csproj", "{9CD86AED-BD95-44E1-9F6F-7C31B418395B}"
EndProject
Project("{FAE04EC0-301F-11D3-BF4B-00C04F79EFBC}") = "Datavery.Domain", "Datavery.Domain\Datavery.Domain.csproj", "{171643C6-07BE-40DB-AE38-31B5BF8AA205}"
EndProject
Global
	GlobalSection(ProjectConfigurationPlatforms) = postSolution
	EndGlobalSection
EndGlobal
